// !$*UTF8*$!
{
	archiveVersion = 1;
	classes = {
	};
	objectVersion = 56;
	objects = {

/* Begin PBXBuildFile section */
		1506C7042B3364320010022F /* ViewOffsetKey.swift in Sources */ = {isa = PBXBuildFile; fileRef = 1506C7032B3364320010022F /* ViewOffsetKey.swift */; };
		15D43DC32B306A5700454FA8 /* myPetApp.swift in Sources */ = {isa = PBXBuildFile; fileRef = 15D43DC22B306A5700454FA8 /* myPetApp.swift */; };
		15D43DC52B306A5700454FA8 /* ContentView.swift in Sources */ = {isa = PBXBuildFile; fileRef = 15D43DC42B306A5700454FA8 /* ContentView.swift */; };
		15D43DC72B306A5A00454FA8 /* Images.xcassets in Resources */ = {isa = PBXBuildFile; fileRef = 15D43DC62B306A5A00454FA8 /* Images.xcassets */; };
		15D43DCA2B306A5A00454FA8 /* Preview Assets.xcassets in Resources */ = {isa = PBXBuildFile; fileRef = 15D43DC92B306A5A00454FA8 /* Preview Assets.xcassets */; };
		15D43DE12B306D3500454FA8 /* AppFont.swift in Sources */ = {isa = PBXBuildFile; fileRef = 15D43DE02B306D3500454FA8 /* AppFont.swift */; };
		15D43DE32B306EDD00454FA8 /* Font.swift in Sources */ = {isa = PBXBuildFile; fileRef = 15D43DE22B306EDD00454FA8 /* Font.swift */; };
		15D43DF22B309FF300454FA8 /* DarkBackground.swift in Sources */ = {isa = PBXBuildFile; fileRef = 15D43DF12B309FF300454FA8 /* DarkBackground.swift */; };
		15D43DF42B30A78D00454FA8 /* AuthenticationView.swift in Sources */ = {isa = PBXBuildFile; fileRef = 15D43DF32B30A78D00454FA8 /* AuthenticationView.swift */; };
		15D43DF62B30A79800454FA8 /* AuthenticationViewModel.swift in Sources */ = {isa = PBXBuildFile; fileRef = 15D43DF52B30A79800454FA8 /* AuthenticationViewModel.swift */; };
		15D43DF92B30AD7200454FA8 /* FirebaseAnalytics in Frameworks */ = {isa = PBXBuildFile; productRef = 15D43DF82B30AD7200454FA8 /* FirebaseAnalytics */; };
		15D43DFB2B30AD7200454FA8 /* FirebaseAnalyticsOnDeviceConversion in Frameworks */ = {isa = PBXBuildFile; productRef = 15D43DFA2B30AD7200454FA8 /* FirebaseAnalyticsOnDeviceConversion */; };
		15D43DFD2B30AD7200454FA8 /* FirebaseAnalyticsSwift in Frameworks */ = {isa = PBXBuildFile; productRef = 15D43DFC2B30AD7200454FA8 /* FirebaseAnalyticsSwift */; };
		15D43DFF2B30AD7200454FA8 /* FirebaseAnalyticsWithoutAdIdSupport in Frameworks */ = {isa = PBXBuildFile; productRef = 15D43DFE2B30AD7200454FA8 /* FirebaseAnalyticsWithoutAdIdSupport */; };
		15D43E012B30AD7200454FA8 /* FirebaseAppCheck in Frameworks */ = {isa = PBXBuildFile; productRef = 15D43E002B30AD7200454FA8 /* FirebaseAppCheck */; };
		15D43E032B30AE0300454FA8 /* RootView.swift in Sources */ = {isa = PBXBuildFile; fileRef = 15D43E022B30AE0300454FA8 /* RootView.swift */; };
		15D43E052B30AEC700454FA8 /* GoogleService-Info.plist in Resources */ = {isa = PBXBuildFile; fileRef = 15D43E042B30AEC700454FA8 /* GoogleService-Info.plist */; };
		15D43E082B30B0FF00454FA8 /* FirebaseAuth in Frameworks */ = {isa = PBXBuildFile; productRef = 15D43E072B30B0FF00454FA8 /* FirebaseAuth */; };
		15D43E0A2B30B10F00454FA8 /* FirebaseFirestore in Frameworks */ = {isa = PBXBuildFile; productRef = 15D43E092B30B10F00454FA8 /* FirebaseFirestore */; };
		15D43E0C2B30B11800454FA8 /* FirebaseFirestoreSwift in Frameworks */ = {isa = PBXBuildFile; productRef = 15D43E0B2B30B11800454FA8 /* FirebaseFirestoreSwift */; };
		15D43E0F2B30B15A00454FA8 /* GoogleSignIn in Frameworks */ = {isa = PBXBuildFile; productRef = 15D43E0E2B30B15A00454FA8 /* GoogleSignIn */; };
		15D43E112B30B15A00454FA8 /* GoogleSignInSwift in Frameworks */ = {isa = PBXBuildFile; productRef = 15D43E102B30B15A00454FA8 /* GoogleSignInSwift */; };
		15D43E132B30B42B00454FA8 /* TabBar.swift in Sources */ = {isa = PBXBuildFile; fileRef = 15D43E122B30B42B00454FA8 /* TabBar.swift */; };
		15D43E162B30B4E600454FA8 /* MarketView.swift in Sources */ = {isa = PBXBuildFile; fileRef = 15D43E152B30B4E600454FA8 /* MarketView.swift */; };
		15D43E182B30B53900454FA8 /* MarketViewViewModel.swift in Sources */ = {isa = PBXBuildFile; fileRef = 15D43E172B30B53900454FA8 /* MarketViewViewModel.swift */; };
		15D43E1A2B30B63400454FA8 /* TabBarView.swift in Sources */ = {isa = PBXBuildFile; fileRef = 15D43E192B30B63400454FA8 /* TabBarView.swift */; };
		15D43E212B30C0B400454FA8 /* SignInGoogleHelper.swift in Sources */ = {isa = PBXBuildFile; fileRef = 15D43E1D2B30C0B300454FA8 /* SignInGoogleHelper.swift */; };
		15D43E222B30C0B400454FA8 /* AuthDataResultModel.swift in Sources */ = {isa = PBXBuildFile; fileRef = 15D43E1E2B30C0B300454FA8 /* AuthDataResultModel.swift */; };
		15D43E232B30C0B400454FA8 /* SignInAppleHelper.swift in Sources */ = {isa = PBXBuildFile; fileRef = 15D43E1F2B30C0B300454FA8 /* SignInAppleHelper.swift */; };
		15D43E242B30C0B400454FA8 /* AuthenticationManager.swift in Sources */ = {isa = PBXBuildFile; fileRef = 15D43E202B30C0B400454FA8 /* AuthenticationManager.swift */; };
		15D43E262B30C89A00454FA8 /* SocialMediaButton.swift in Sources */ = {isa = PBXBuildFile; fileRef = 15D43E252B30C89A00454FA8 /* SocialMediaButton.swift */; };
		15D43E292B30CB0600454FA8 /* UserModel.swift in Sources */ = {isa = PBXBuildFile; fileRef = 15D43E282B30CB0600454FA8 /* UserModel.swift */; };
		15D43E2D2B30CB6800454FA8 /* UserManager.swift in Sources */ = {isa = PBXBuildFile; fileRef = 15D43E2C2B30CB6800454FA8 /* UserManager.swift */; };
		15D43E302B30CB9900454FA8 /* UserManagerError.swift in Sources */ = {isa = PBXBuildFile; fileRef = 15D43E2F2B30CB9800454FA8 /* UserManagerError.swift */; };
		15D43E362B33413D00454FA8 /* ShopView.swift in Sources */ = {isa = PBXBuildFile; fileRef = 15D43E352B33413D00454FA8 /* ShopView.swift */; };
		15D43E382B33414900454FA8 /* MissingPetsView.swift in Sources */ = {isa = PBXBuildFile; fileRef = 15D43E372B33414900454FA8 /* MissingPetsView.swift */; };
		15D43E3A2B33415200454FA8 /* ClinicsView.swift in Sources */ = {isa = PBXBuildFile; fileRef = 15D43E392B33415200454FA8 /* ClinicsView.swift */; };
		15D43E3D2B33416500454FA8 /* ProfileView.swift in Sources */ = {isa = PBXBuildFile; fileRef = 15D43E3C2B33416500454FA8 /* ProfileView.swift */; };
		15D43E3F2B3342B400454FA8 /* ProfileViewModel.swift in Sources */ = {isa = PBXBuildFile; fileRef = 15D43E3E2B3342B400454FA8 /* ProfileViewModel.swift */; };
/* End PBXBuildFile section */

/* Begin PBXFileReference section */
		1506C7032B3364320010022F /* ViewOffsetKey.swift */ = {isa = PBXFileReference; lastKnownFileType = sourcecode.swift; path = ViewOffsetKey.swift; sourceTree = "<group>"; };
		15D43DBF2B306A5700454FA8 /* myPet.app */ = {isa = PBXFileReference; explicitFileType = wrapper.application; includeInIndex = 0; path = myPet.app; sourceTree = BUILT_PRODUCTS_DIR; };
		15D43DC22B306A5700454FA8 /* myPetApp.swift */ = {isa = PBXFileReference; lastKnownFileType = sourcecode.swift; path = myPetApp.swift; sourceTree = "<group>"; };
		15D43DC42B306A5700454FA8 /* ContentView.swift */ = {isa = PBXFileReference; lastKnownFileType = sourcecode.swift; path = ContentView.swift; sourceTree = "<group>"; };
		15D43DC62B306A5A00454FA8 /* Images.xcassets */ = {isa = PBXFileReference; lastKnownFileType = folder.assetcatalog; path = Images.xcassets; sourceTree = "<group>"; };
		15D43DC92B306A5A00454FA8 /* Preview Assets.xcassets */ = {isa = PBXFileReference; lastKnownFileType = folder.assetcatalog; path = "Preview Assets.xcassets"; sourceTree = "<group>"; };
		15D43DDC2B306BD600454FA8 /* Info.plist */ = {isa = PBXFileReference; lastKnownFileType = text.plist.xml; path = Info.plist; sourceTree = "<group>"; };
		15D43DDE2B306D1F00454FA8 /* Poppins-Regular.ttf */ = {isa = PBXFileReference; lastKnownFileType = file; path = "Poppins-Regular.ttf"; sourceTree = "<group>"; };
		15D43DDF2B306D1F00454FA8 /* Poppins-SemiBold.ttf */ = {isa = PBXFileReference; lastKnownFileType = file; path = "Poppins-SemiBold.ttf"; sourceTree = "<group>"; };
		15D43DE02B306D3500454FA8 /* AppFont.swift */ = {isa = PBXFileReference; lastKnownFileType = sourcecode.swift; path = AppFont.swift; sourceTree = "<group>"; };
		15D43DE22B306EDD00454FA8 /* Font.swift */ = {isa = PBXFileReference; lastKnownFileType = sourcecode.swift; path = Font.swift; sourceTree = "<group>"; };
		15D43DF12B309FF300454FA8 /* DarkBackground.swift */ = {isa = PBXFileReference; lastKnownFileType = sourcecode.swift; path = DarkBackground.swift; sourceTree = "<group>"; };
		15D43DF32B30A78D00454FA8 /* AuthenticationView.swift */ = {isa = PBXFileReference; lastKnownFileType = sourcecode.swift; path = AuthenticationView.swift; sourceTree = "<group>"; };
		15D43DF52B30A79800454FA8 /* AuthenticationViewModel.swift */ = {isa = PBXFileReference; lastKnownFileType = sourcecode.swift; path = AuthenticationViewModel.swift; sourceTree = "<group>"; };
		15D43E022B30AE0300454FA8 /* RootView.swift */ = {isa = PBXFileReference; lastKnownFileType = sourcecode.swift; path = RootView.swift; sourceTree = "<group>"; };
		15D43E042B30AEC700454FA8 /* GoogleService-Info.plist */ = {isa = PBXFileReference; fileEncoding = 4; lastKnownFileType = text.plist.xml; path = "GoogleService-Info.plist"; sourceTree = "<group>"; };
		15D43E122B30B42B00454FA8 /* TabBar.swift */ = {isa = PBXFileReference; lastKnownFileType = sourcecode.swift; path = TabBar.swift; sourceTree = "<group>"; };
		15D43E152B30B4E600454FA8 /* MarketView.swift */ = {isa = PBXFileReference; lastKnownFileType = sourcecode.swift; path = MarketView.swift; sourceTree = "<group>"; };
		15D43E172B30B53900454FA8 /* MarketViewViewModel.swift */ = {isa = PBXFileReference; lastKnownFileType = sourcecode.swift; path = MarketViewViewModel.swift; sourceTree = "<group>"; };
		15D43E192B30B63400454FA8 /* TabBarView.swift */ = {isa = PBXFileReference; lastKnownFileType = sourcecode.swift; path = TabBarView.swift; sourceTree = "<group>"; };
		15D43E1D2B30C0B300454FA8 /* SignInGoogleHelper.swift */ = {isa = PBXFileReference; fileEncoding = 4; lastKnownFileType = sourcecode.swift; path = SignInGoogleHelper.swift; sourceTree = "<group>"; };
		15D43E1E2B30C0B300454FA8 /* AuthDataResultModel.swift */ = {isa = PBXFileReference; fileEncoding = 4; lastKnownFileType = sourcecode.swift; path = AuthDataResultModel.swift; sourceTree = "<group>"; };
		15D43E1F2B30C0B300454FA8 /* SignInAppleHelper.swift */ = {isa = PBXFileReference; fileEncoding = 4; lastKnownFileType = sourcecode.swift; path = SignInAppleHelper.swift; sourceTree = "<group>"; };
		15D43E202B30C0B400454FA8 /* AuthenticationManager.swift */ = {isa = PBXFileReference; fileEncoding = 4; lastKnownFileType = sourcecode.swift; path = AuthenticationManager.swift; sourceTree = "<group>"; };
		15D43E252B30C89A00454FA8 /* SocialMediaButton.swift */ = {isa = PBXFileReference; fileEncoding = 4; lastKnownFileType = sourcecode.swift; path = SocialMediaButton.swift; sourceTree = "<group>"; };
		15D43E282B30CB0600454FA8 /* UserModel.swift */ = {isa = PBXFileReference; lastKnownFileType = sourcecode.swift; path = UserModel.swift; sourceTree = "<group>"; };
		15D43E2C2B30CB6800454FA8 /* UserManager.swift */ = {isa = PBXFileReference; lastKnownFileType = sourcecode.swift; path = UserManager.swift; sourceTree = "<group>"; };
		15D43E2F2B30CB9800454FA8 /* UserManagerError.swift */ = {isa = PBXFileReference; fileEncoding = 4; lastKnownFileType = sourcecode.swift; path = UserManagerError.swift; sourceTree = "<group>"; };
		15D43E352B33413D00454FA8 /* ShopView.swift */ = {isa = PBXFileReference; lastKnownFileType = sourcecode.swift; path = ShopView.swift; sourceTree = "<group>"; };
		15D43E372B33414900454FA8 /* MissingPetsView.swift */ = {isa = PBXFileReference; lastKnownFileType = sourcecode.swift; path = MissingPetsView.swift; sourceTree = "<group>"; };
		15D43E392B33415200454FA8 /* ClinicsView.swift */ = {isa = PBXFileReference; lastKnownFileType = sourcecode.swift; path = ClinicsView.swift; sourceTree = "<group>"; };
		15D43E3C2B33416500454FA8 /* ProfileView.swift */ = {isa = PBXFileReference; lastKnownFileType = sourcecode.swift; path = ProfileView.swift; sourceTree = "<group>"; };
		15D43E3E2B3342B400454FA8 /* ProfileViewModel.swift */ = {isa = PBXFileReference; lastKnownFileType = sourcecode.swift; path = ProfileViewModel.swift; sourceTree = "<group>"; };
/* End PBXFileReference section */

/* Begin PBXFrameworksBuildPhase section */
		15D43DBC2B306A5700454FA8 /* Frameworks */ = {
			isa = PBXFrameworksBuildPhase;
			buildActionMask = 2147483647;
			files = (
				15D43DFD2B30AD7200454FA8 /* FirebaseAnalyticsSwift in Frameworks */,
				15D43E082B30B0FF00454FA8 /* FirebaseAuth in Frameworks */,
				15D43DF92B30AD7200454FA8 /* FirebaseAnalytics in Frameworks */,
				15D43DFB2B30AD7200454FA8 /* FirebaseAnalyticsOnDeviceConversion in Frameworks */,
				15D43E012B30AD7200454FA8 /* FirebaseAppCheck in Frameworks */,
				15D43E112B30B15A00454FA8 /* GoogleSignInSwift in Frameworks */,
				15D43DFF2B30AD7200454FA8 /* FirebaseAnalyticsWithoutAdIdSupport in Frameworks */,
				15D43E0A2B30B10F00454FA8 /* FirebaseFirestore in Frameworks */,
				15D43E0C2B30B11800454FA8 /* FirebaseFirestoreSwift in Frameworks */,
				15D43E0F2B30B15A00454FA8 /* GoogleSignIn in Frameworks */,
			);
			runOnlyForDeploymentPostprocessing = 0;
		};
/* End PBXFrameworksBuildPhase section */

/* Begin PBXGroup section */
		1506C7022B3364180010022F /* ViewOffsetKey */ = {
			isa = PBXGroup;
			children = (
				1506C7032B3364320010022F /* ViewOffsetKey.swift */,
			);
			path = ViewOffsetKey;
			sourceTree = "<group>";
		};
		15D43DB62B306A5700454FA8 = {
			isa = PBXGroup;
			children = (
				15D43DC12B306A5700454FA8 /* myPet */,
				15D43DC02B306A5700454FA8 /* Products */,
				15D43E062B30B0FF00454FA8 /* Frameworks */,
			);
			sourceTree = "<group>";
		};
		15D43DC02B306A5700454FA8 /* Products */ = {
			isa = PBXGroup;
			children = (
				15D43DBF2B306A5700454FA8 /* myPet.app */,
			);
			name = Products;
			sourceTree = "<group>";
		};
		15D43DC12B306A5700454FA8 /* myPet */ = {
			isa = PBXGroup;
			children = (
				15D43DDC2B306BD600454FA8 /* Info.plist */,
				15D43E042B30AEC700454FA8 /* GoogleService-Info.plist */,
				15D43DC22B306A5700454FA8 /* myPetApp.swift */,
				15D43DC42B306A5700454FA8 /* ContentView.swift */,
				15D43DD02B306AFD00454FA8 /* Views */,
				15D43E272B30CADB00454FA8 /* Models */,
				15D43E2A2B30CB4800454FA8 /* Services */,
				15D43DD22B306B0F00454FA8 /* Shared */,
				15D43DC82B306A5A00454FA8 /* Preview Content */,
			);
			path = myPet;
			sourceTree = "<group>";
		};
		15D43DC82B306A5A00454FA8 /* Preview Content */ = {
			isa = PBXGroup;
			children = (
				15D43DC92B306A5A00454FA8 /* Preview Assets.xcassets */,
			);
			path = "Preview Content";
			sourceTree = "<group>";
		};
		15D43DD02B306AFD00454FA8 /* Views */ = {
			isa = PBXGroup;
			children = (
				15D43E022B30AE0300454FA8 /* RootView.swift */,
				15D43DD42B306B4B00454FA8 /* Authentication */,
				15D43E142B30B4BF00454FA8 /* Market */,
				15D43E312B33409500454FA8 /* Shop */,
				15D43E322B3340AF00454FA8 /* Missing Pets */,
				15D43E332B3340D300454FA8 /* Clinics */,
				15D43E342B3340E100454FA8 /* Profile */,
			);
			path = Views;
			sourceTree = "<group>";
		};
		15D43DD22B306B0F00454FA8 /* Shared */ = {
			isa = PBXGroup;
			children = (
				15D43DD62B306B5E00454FA8 /* ViewModifiers */,
				15D43DDA2B306B9400454FA8 /* Enums */,
				15D43DD72B306B6500454FA8 /* Assets */,
				15D43DD52B306B5700454FA8 /* Extensions */,
				15D43DD82B306B6E00454FA8 /* SwiftGen */,
				15D43DD92B306B7400454FA8 /* Localizables */,
			);
			path = Shared;
			sourceTree = "<group>";
		};
		15D43DD42B306B4B00454FA8 /* Authentication */ = {
			isa = PBXGroup;
			children = (
				15D43DF32B30A78D00454FA8 /* AuthenticationView.swift */,
				15D43DF52B30A79800454FA8 /* AuthenticationViewModel.swift */,
				15D43E252B30C89A00454FA8 /* SocialMediaButton.swift */,
			);
			path = Authentication;
			sourceTree = "<group>";
		};
		15D43DD52B306B5700454FA8 /* Extensions */ = {
			isa = PBXGroup;
			children = (
				15D43DE22B306EDD00454FA8 /* Font.swift */,
			);
			path = Extensions;
			sourceTree = "<group>";
		};
		15D43DD62B306B5E00454FA8 /* ViewModifiers */ = {
			isa = PBXGroup;
			children = (
				15D43E1B2B30B63700454FA8 /* TabBar */,
				1506C7022B3364180010022F /* ViewOffsetKey */,
			);
			path = ViewModifiers;
			sourceTree = "<group>";
		};
		15D43DD72B306B6500454FA8 /* Assets */ = {
			isa = PBXGroup;
			children = (
				15D43DF02B309FE400454FA8 /* Backgrounds */,
				15D43DDB2B306BAD00454FA8 /* Fonts */,
				15D43DC62B306A5A00454FA8 /* Images.xcassets */,
			);
			path = Assets;
			sourceTree = "<group>";
		};
		15D43DD82B306B6E00454FA8 /* SwiftGen */ = {
			isa = PBXGroup;
			children = (
			);
			path = SwiftGen;
			sourceTree = "<group>";
		};
		15D43DD92B306B7400454FA8 /* Localizables */ = {
			isa = PBXGroup;
			children = (
			);
			path = Localizables;
			sourceTree = "<group>";
		};
		15D43DDA2B306B9400454FA8 /* Enums */ = {
			isa = PBXGroup;
			children = (
				15D43E2E2B30CB9800454FA8 /* AppErrors */,
			);
			path = Enums;
			sourceTree = "<group>";
		};
		15D43DDB2B306BAD00454FA8 /* Fonts */ = {
			isa = PBXGroup;
			children = (
				15D43DDE2B306D1F00454FA8 /* Poppins-Regular.ttf */,
				15D43DDF2B306D1F00454FA8 /* Poppins-SemiBold.ttf */,
				15D43DE02B306D3500454FA8 /* AppFont.swift */,
			);
			path = Fonts;
			sourceTree = "<group>";
		};
		15D43DF02B309FE400454FA8 /* Backgrounds */ = {
			isa = PBXGroup;
			children = (
				15D43DF12B309FF300454FA8 /* DarkBackground.swift */,
			);
			path = Backgrounds;
			sourceTree = "<group>";
		};
		15D43E062B30B0FF00454FA8 /* Frameworks */ = {
			isa = PBXGroup;
			children = (
			);
			name = Frameworks;
			sourceTree = "<group>";
		};
		15D43E142B30B4BF00454FA8 /* Market */ = {
			isa = PBXGroup;
			children = (
				15D43E152B30B4E600454FA8 /* MarketView.swift */,
				15D43E172B30B53900454FA8 /* MarketViewViewModel.swift */,
			);
			path = Market;
			sourceTree = "<group>";
		};
		15D43E1B2B30B63700454FA8 /* TabBar */ = {
			isa = PBXGroup;
			children = (
				15D43E122B30B42B00454FA8 /* TabBar.swift */,
				15D43E192B30B63400454FA8 /* TabBarView.swift */,
			);
			path = TabBar;
			sourceTree = "<group>";
		};
		15D43E1C2B30C08C00454FA8 /* Authentication */ = {
			isa = PBXGroup;
			children = (
				15D43E1E2B30C0B300454FA8 /* AuthDataResultModel.swift */,
				15D43E202B30C0B400454FA8 /* AuthenticationManager.swift */,
				15D43E1F2B30C0B300454FA8 /* SignInAppleHelper.swift */,
				15D43E1D2B30C0B300454FA8 /* SignInGoogleHelper.swift */,
			);
			path = Authentication;
			sourceTree = "<group>";
		};
		15D43E272B30CADB00454FA8 /* Models */ = {
			isa = PBXGroup;
			children = (
				15D43E282B30CB0600454FA8 /* UserModel.swift */,
			);
			path = Models;
			sourceTree = "<group>";
		};
		15D43E2A2B30CB4800454FA8 /* Services */ = {
			isa = PBXGroup;
			children = (
				15D43E2B2B30CB5D00454FA8 /* Firestore */,
			);
			path = Services;
			sourceTree = "<group>";
		};
		15D43E2B2B30CB5D00454FA8 /* Firestore */ = {
			isa = PBXGroup;
			children = (
				15D43E2C2B30CB6800454FA8 /* UserManager.swift */,
				15D43E1C2B30C08C00454FA8 /* Authentication */,
			);
			path = Firestore;
			sourceTree = "<group>";
		};
		15D43E2E2B30CB9800454FA8 /* AppErrors */ = {
			isa = PBXGroup;
			children = (
				15D43E2F2B30CB9800454FA8 /* UserManagerError.swift */,
			);
			path = AppErrors;
			sourceTree = "<group>";
		};
		15D43E312B33409500454FA8 /* Shop */ = {
			isa = PBXGroup;
			children = (
				15D43E352B33413D00454FA8 /* ShopView.swift */,
			);
			path = Shop;
			sourceTree = "<group>";
		};
		15D43E322B3340AF00454FA8 /* Missing Pets */ = {
			isa = PBXGroup;
			children = (
				15D43E372B33414900454FA8 /* MissingPetsView.swift */,
			);
			path = "Missing Pets";
			sourceTree = "<group>";
		};
		15D43E332B3340D300454FA8 /* Clinics */ = {
			isa = PBXGroup;
			children = (
				15D43E392B33415200454FA8 /* ClinicsView.swift */,
			);
			path = Clinics;
			sourceTree = "<group>";
		};
		15D43E342B3340E100454FA8 /* Profile */ = {
			isa = PBXGroup;
			children = (
				15D43E3C2B33416500454FA8 /* ProfileView.swift */,
				15D43E3E2B3342B400454FA8 /* ProfileViewModel.swift */,
			);
			path = Profile;
			sourceTree = "<group>";
		};
/* End PBXGroup section */

/* Begin PBXNativeTarget section */
		15D43DBE2B306A5700454FA8 /* myPet */ = {
			isa = PBXNativeTarget;
			buildConfigurationList = 15D43DCD2B306A5A00454FA8 /* Build configuration list for PBXNativeTarget "myPet" */;
			buildPhases = (
				15D43DBB2B306A5700454FA8 /* Sources */,
				15D43DBC2B306A5700454FA8 /* Frameworks */,
				15D43DBD2B306A5700454FA8 /* Resources */,
			);
			buildRules = (
			);
			dependencies = (
			);
			name = myPet;
			packageProductDependencies = (
				15D43DF82B30AD7200454FA8 /* FirebaseAnalytics */,
				15D43DFA2B30AD7200454FA8 /* FirebaseAnalyticsOnDeviceConversion */,
				15D43DFC2B30AD7200454FA8 /* FirebaseAnalyticsSwift */,
				15D43DFE2B30AD7200454FA8 /* FirebaseAnalyticsWithoutAdIdSupport */,
				15D43E002B30AD7200454FA8 /* FirebaseAppCheck */,
				15D43E072B30B0FF00454FA8 /* FirebaseAuth */,
				15D43E092B30B10F00454FA8 /* FirebaseFirestore */,
				15D43E0B2B30B11800454FA8 /* FirebaseFirestoreSwift */,
				15D43E0E2B30B15A00454FA8 /* GoogleSignIn */,
				15D43E102B30B15A00454FA8 /* GoogleSignInSwift */,
			);
			productName = myPet;
			productReference = 15D43DBF2B306A5700454FA8 /* myPet.app */;
			productType = "com.apple.product-type.application";
		};
/* End PBXNativeTarget section */

/* Begin PBXProject section */
		15D43DB72B306A5700454FA8 /* Project object */ = {
			isa = PBXProject;
			attributes = {
				BuildIndependentTargetsInParallel = 1;
				LastSwiftUpdateCheck = 1500;
				LastUpgradeCheck = 1500;
				TargetAttributes = {
					15D43DBE2B306A5700454FA8 = {
						CreatedOnToolsVersion = 15.0;
					};
				};
			};
			buildConfigurationList = 15D43DBA2B306A5700454FA8 /* Build configuration list for PBXProject "myPet" */;
			compatibilityVersion = "Xcode 14.0";
			developmentRegion = en;
			hasScannedForEncodings = 0;
			knownRegions = (
				en,
				Base,
			);
			mainGroup = 15D43DB62B306A5700454FA8;
			packageReferences = (
				15D43DF72B30AD7100454FA8 /* XCRemoteSwiftPackageReference "firebase-ios-sdk" */,
				15D43E0D2B30B15A00454FA8 /* XCRemoteSwiftPackageReference "GoogleSignIn-iOS" */,
			);
			productRefGroup = 15D43DC02B306A5700454FA8 /* Products */;
			projectDirPath = "";
			projectRoot = "";
			targets = (
				15D43DBE2B306A5700454FA8 /* myPet */,
			);
		};
/* End PBXProject section */

/* Begin PBXResourcesBuildPhase section */
		15D43DBD2B306A5700454FA8 /* Resources */ = {
			isa = PBXResourcesBuildPhase;
			buildActionMask = 2147483647;
			files = (
				15D43DCA2B306A5A00454FA8 /* Preview Assets.xcassets in Resources */,
				15D43DC72B306A5A00454FA8 /* Images.xcassets in Resources */,
				15D43E052B30AEC700454FA8 /* GoogleService-Info.plist in Resources */,
			);
			runOnlyForDeploymentPostprocessing = 0;
		};
/* End PBXResourcesBuildPhase section */

/* Begin PBXSourcesBuildPhase section */
		15D43DBB2B306A5700454FA8 /* Sources */ = {
			isa = PBXSourcesBuildPhase;
			buildActionMask = 2147483647;
			files = (
				15D43E132B30B42B00454FA8 /* TabBar.swift in Sources */,
				15D43E242B30C0B400454FA8 /* AuthenticationManager.swift in Sources */,
				15D43E2D2B30CB6800454FA8 /* UserManager.swift in Sources */,
				15D43E182B30B53900454FA8 /* MarketViewViewModel.swift in Sources */,
				15D43E222B30C0B400454FA8 /* AuthDataResultModel.swift in Sources */,
				15D43E032B30AE0300454FA8 /* RootView.swift in Sources */,
				15D43DE32B306EDD00454FA8 /* Font.swift in Sources */,
				15D43E162B30B4E600454FA8 /* MarketView.swift in Sources */,
				15D43DF22B309FF300454FA8 /* DarkBackground.swift in Sources */,
				15D43E362B33413D00454FA8 /* ShopView.swift in Sources */,
				15D43E262B30C89A00454FA8 /* SocialMediaButton.swift in Sources */,
				15D43DF62B30A79800454FA8 /* AuthenticationViewModel.swift in Sources */,
				15D43E232B30C0B400454FA8 /* SignInAppleHelper.swift in Sources */,
				15D43E212B30C0B400454FA8 /* SignInGoogleHelper.swift in Sources */,
				15D43E3F2B3342B400454FA8 /* ProfileViewModel.swift in Sources */,
				15D43E302B30CB9900454FA8 /* UserManagerError.swift in Sources */,
				15D43DF42B30A78D00454FA8 /* AuthenticationView.swift in Sources */,
				1506C7042B3364320010022F /* ViewOffsetKey.swift in Sources */,
				15D43E3D2B33416500454FA8 /* ProfileView.swift in Sources */,
				15D43DC52B306A5700454FA8 /* ContentView.swift in Sources */,
				15D43E3A2B33415200454FA8 /* ClinicsView.swift in Sources */,
				15D43E382B33414900454FA8 /* MissingPetsView.swift in Sources */,
				15D43DC32B306A5700454FA8 /* myPetApp.swift in Sources */,
				15D43E1A2B30B63400454FA8 /* TabBarView.swift in Sources */,
				15D43E292B30CB0600454FA8 /* UserModel.swift in Sources */,
				15D43DE12B306D3500454FA8 /* AppFont.swift in Sources */,
			);
			runOnlyForDeploymentPostprocessing = 0;
		};
/* End PBXSourcesBuildPhase section */

/* Begin XCBuildConfiguration section */
		15D43DCB2B306A5A00454FA8 /* Debug */ = {
			isa = XCBuildConfiguration;
			buildSettings = {
				ALWAYS_SEARCH_USER_PATHS = NO;
				ASSETCATALOG_COMPILER_GENERATE_SWIFT_ASSET_SYMBOL_EXTENSIONS = YES;
				CLANG_ANALYZER_NONNULL = YES;
				CLANG_ANALYZER_NUMBER_OBJECT_CONVERSION = YES_AGGRESSIVE;
				CLANG_CXX_LANGUAGE_STANDARD = "gnu++20";
				CLANG_ENABLE_MODULES = YES;
				CLANG_ENABLE_OBJC_ARC = YES;
				CLANG_ENABLE_OBJC_WEAK = YES;
				CLANG_WARN_BLOCK_CAPTURE_AUTORELEASING = YES;
				CLANG_WARN_BOOL_CONVERSION = YES;
				CLANG_WARN_COMMA = YES;
				CLANG_WARN_CONSTANT_CONVERSION = YES;
				CLANG_WARN_DEPRECATED_OBJC_IMPLEMENTATIONS = YES;
				CLANG_WARN_DIRECT_OBJC_ISA_USAGE = YES_ERROR;
				CLANG_WARN_DOCUMENTATION_COMMENTS = YES;
				CLANG_WARN_EMPTY_BODY = YES;
				CLANG_WARN_ENUM_CONVERSION = YES;
				CLANG_WARN_INFINITE_RECURSION = YES;
				CLANG_WARN_INT_CONVERSION = YES;
				CLANG_WARN_NON_LITERAL_NULL_CONVERSION = YES;
				CLANG_WARN_OBJC_IMPLICIT_RETAIN_SELF = YES;
				CLANG_WARN_OBJC_LITERAL_CONVERSION = YES;
				CLANG_WARN_OBJC_ROOT_CLASS = YES_ERROR;
				CLANG_WARN_QUOTED_INCLUDE_IN_FRAMEWORK_HEADER = YES;
				CLANG_WARN_RANGE_LOOP_ANALYSIS = YES;
				CLANG_WARN_STRICT_PROTOTYPES = YES;
				CLANG_WARN_SUSPICIOUS_MOVE = YES;
				CLANG_WARN_UNGUARDED_AVAILABILITY = YES_AGGRESSIVE;
				CLANG_WARN_UNREACHABLE_CODE = YES;
				CLANG_WARN__DUPLICATE_METHOD_MATCH = YES;
				COPY_PHASE_STRIP = NO;
				DEBUG_INFORMATION_FORMAT = dwarf;
				ENABLE_STRICT_OBJC_MSGSEND = YES;
				ENABLE_TESTABILITY = YES;
				ENABLE_USER_SCRIPT_SANDBOXING = YES;
				GCC_C_LANGUAGE_STANDARD = gnu17;
				GCC_DYNAMIC_NO_PIC = NO;
				GCC_NO_COMMON_BLOCKS = YES;
				GCC_OPTIMIZATION_LEVEL = 0;
				GCC_PREPROCESSOR_DEFINITIONS = (
					"DEBUG=1",
					"$(inherited)",
				);
				GCC_WARN_64_TO_32_BIT_CONVERSION = YES;
				GCC_WARN_ABOUT_RETURN_TYPE = YES_ERROR;
				GCC_WARN_UNDECLARED_SELECTOR = YES;
				GCC_WARN_UNINITIALIZED_AUTOS = YES_AGGRESSIVE;
				GCC_WARN_UNUSED_FUNCTION = YES;
				GCC_WARN_UNUSED_VARIABLE = YES;
				IPHONEOS_DEPLOYMENT_TARGET = 17.0;
				LOCALIZATION_PREFERS_STRING_CATALOGS = YES;
				MTL_ENABLE_DEBUG_INFO = INCLUDE_SOURCE;
				MTL_FAST_MATH = YES;
				ONLY_ACTIVE_ARCH = YES;
				SDKROOT = iphoneos;
				SWIFT_ACTIVE_COMPILATION_CONDITIONS = "DEBUG $(inherited)";
				SWIFT_OPTIMIZATION_LEVEL = "-Onone";
			};
			name = Debug;
		};
		15D43DCC2B306A5A00454FA8 /* Release */ = {
			isa = XCBuildConfiguration;
			buildSettings = {
				ALWAYS_SEARCH_USER_PATHS = NO;
				ASSETCATALOG_COMPILER_GENERATE_SWIFT_ASSET_SYMBOL_EXTENSIONS = YES;
				CLANG_ANALYZER_NONNULL = YES;
				CLANG_ANALYZER_NUMBER_OBJECT_CONVERSION = YES_AGGRESSIVE;
				CLANG_CXX_LANGUAGE_STANDARD = "gnu++20";
				CLANG_ENABLE_MODULES = YES;
				CLANG_ENABLE_OBJC_ARC = YES;
				CLANG_ENABLE_OBJC_WEAK = YES;
				CLANG_WARN_BLOCK_CAPTURE_AUTORELEASING = YES;
				CLANG_WARN_BOOL_CONVERSION = YES;
				CLANG_WARN_COMMA = YES;
				CLANG_WARN_CONSTANT_CONVERSION = YES;
				CLANG_WARN_DEPRECATED_OBJC_IMPLEMENTATIONS = YES;
				CLANG_WARN_DIRECT_OBJC_ISA_USAGE = YES_ERROR;
				CLANG_WARN_DOCUMENTATION_COMMENTS = YES;
				CLANG_WARN_EMPTY_BODY = YES;
				CLANG_WARN_ENUM_CONVERSION = YES;
				CLANG_WARN_INFINITE_RECURSION = YES;
				CLANG_WARN_INT_CONVERSION = YES;
				CLANG_WARN_NON_LITERAL_NULL_CONVERSION = YES;
				CLANG_WARN_OBJC_IMPLICIT_RETAIN_SELF = YES;
				CLANG_WARN_OBJC_LITERAL_CONVERSION = YES;
				CLANG_WARN_OBJC_ROOT_CLASS = YES_ERROR;
				CLANG_WARN_QUOTED_INCLUDE_IN_FRAMEWORK_HEADER = YES;
				CLANG_WARN_RANGE_LOOP_ANALYSIS = YES;
				CLANG_WARN_STRICT_PROTOTYPES = YES;
				CLANG_WARN_SUSPICIOUS_MOVE = YES;
				CLANG_WARN_UNGUARDED_AVAILABILITY = YES_AGGRESSIVE;
				CLANG_WARN_UNREACHABLE_CODE = YES;
				CLANG_WARN__DUPLICATE_METHOD_MATCH = YES;
				COPY_PHASE_STRIP = NO;
				DEBUG_INFORMATION_FORMAT = "dwarf-with-dsym";
				ENABLE_NS_ASSERTIONS = NO;
				ENABLE_STRICT_OBJC_MSGSEND = YES;
				ENABLE_USER_SCRIPT_SANDBOXING = YES;
				GCC_C_LANGUAGE_STANDARD = gnu17;
				GCC_NO_COMMON_BLOCKS = YES;
				GCC_WARN_64_TO_32_BIT_CONVERSION = YES;
				GCC_WARN_ABOUT_RETURN_TYPE = YES_ERROR;
				GCC_WARN_UNDECLARED_SELECTOR = YES;
				GCC_WARN_UNINITIALIZED_AUTOS = YES_AGGRESSIVE;
				GCC_WARN_UNUSED_FUNCTION = YES;
				GCC_WARN_UNUSED_VARIABLE = YES;
				IPHONEOS_DEPLOYMENT_TARGET = 17.0;
				LOCALIZATION_PREFERS_STRING_CATALOGS = YES;
				MTL_ENABLE_DEBUG_INFO = NO;
				MTL_FAST_MATH = YES;
				SDKROOT = iphoneos;
				SWIFT_COMPILATION_MODE = wholemodule;
				VALIDATE_PRODUCT = YES;
			};
			name = Release;
		};
		15D43DCE2B306A5A00454FA8 /* Debug */ = {
			isa = XCBuildConfiguration;
			buildSettings = {
				ASSETCATALOG_COMPILER_APPICON_NAME = AppIcon;
				ASSETCATALOG_COMPILER_GLOBAL_ACCENT_COLOR_NAME = AccentColor;
				CODE_SIGN_STYLE = Automatic;
				CURRENT_PROJECT_VERSION = 1;
				DEVELOPMENT_ASSET_PATHS = "\"myPet/Preview Content\"";
				DEVELOPMENT_TEAM = XZA5R9TKBS;
				ENABLE_PREVIEWS = YES;
				GENERATE_INFOPLIST_FILE = YES;
				INFOPLIST_FILE = myPet/Info.plist;
				INFOPLIST_KEY_UIApplicationSceneManifest_Generation = YES;
				INFOPLIST_KEY_UIApplicationSupportsIndirectInputEvents = YES;
				INFOPLIST_KEY_UILaunchScreen_Generation = YES;
				INFOPLIST_KEY_UISupportedInterfaceOrientations_iPad = "UIInterfaceOrientationPortrait UIInterfaceOrientationPortraitUpsideDown UIInterfaceOrientationLandscapeLeft UIInterfaceOrientationLandscapeRight";
				INFOPLIST_KEY_UISupportedInterfaceOrientations_iPhone = "UIInterfaceOrientationPortrait UIInterfaceOrientationLandscapeLeft UIInterfaceOrientationLandscapeRight";
				LD_RUNPATH_SEARCH_PATHS = (
					"$(inherited)",
					"@executable_path/Frameworks",
				);
				MARKETING_VERSION = 1.0;
				PRODUCT_BUNDLE_IDENTIFIER = deffsin.myPet;
				PRODUCT_NAME = "$(TARGET_NAME)";
				SWIFT_EMIT_LOC_STRINGS = YES;
				SWIFT_VERSION = 5.0;
				TARGETED_DEVICE_FAMILY = "1,2";
			};
			name = Debug;
		};
		15D43DCF2B306A5A00454FA8 /* Release */ = {
			isa = XCBuildConfiguration;
			buildSettings = {
				ASSETCATALOG_COMPILER_APPICON_NAME = AppIcon;
				ASSETCATALOG_COMPILER_GLOBAL_ACCENT_COLOR_NAME = AccentColor;
				CODE_SIGN_STYLE = Automatic;
				CURRENT_PROJECT_VERSION = 1;
				DEVELOPMENT_ASSET_PATHS = "\"myPet/Preview Content\"";
				DEVELOPMENT_TEAM = XZA5R9TKBS;
				ENABLE_PREVIEWS = YES;
				GENERATE_INFOPLIST_FILE = YES;
				INFOPLIST_FILE = myPet/Info.plist;
				INFOPLIST_KEY_UIApplicationSceneManifest_Generation = YES;
				INFOPLIST_KEY_UIApplicationSupportsIndirectInputEvents = YES;
				INFOPLIST_KEY_UILaunchScreen_Generation = YES;
				INFOPLIST_KEY_UISupportedInterfaceOrientations_iPad = "UIInterfaceOrientationPortrait UIInterfaceOrientationPortraitUpsideDown UIInterfaceOrientationLandscapeLeft UIInterfaceOrientationLandscapeRight";
				INFOPLIST_KEY_UISupportedInterfaceOrientations_iPhone = "UIInterfaceOrientationPortrait UIInterfaceOrientationLandscapeLeft UIInterfaceOrientationLandscapeRight";
				LD_RUNPATH_SEARCH_PATHS = (
					"$(inherited)",
					"@executable_path/Frameworks",
				);
				MARKETING_VERSION = 1.0;
				PRODUCT_BUNDLE_IDENTIFIER = deffsin.myPet;
				PRODUCT_NAME = "$(TARGET_NAME)";
				SWIFT_EMIT_LOC_STRINGS = YES;
				SWIFT_VERSION = 5.0;
				TARGETED_DEVICE_FAMILY = "1,2";
			};
			name = Release;
		};
/* End XCBuildConfiguration section */

/* Begin XCConfigurationList section */
		15D43DBA2B306A5700454FA8 /* Build configuration list for PBXProject "myPet" */ = {
			isa = XCConfigurationList;
			buildConfigurations = (
				15D43DCB2B306A5A00454FA8 /* Debug */,
				15D43DCC2B306A5A00454FA8 /* Release */,
			);
			defaultConfigurationIsVisible = 0;
			defaultConfigurationName = Release;
		};
		15D43DCD2B306A5A00454FA8 /* Build configuration list for PBXNativeTarget "myPet" */ = {
			isa = XCConfigurationList;
			buildConfigurations = (
				15D43DCE2B306A5A00454FA8 /* Debug */,
				15D43DCF2B306A5A00454FA8 /* Release */,
			);
			defaultConfigurationIsVisible = 0;
			defaultConfigurationName = Release;
		};
/* End XCConfigurationList section */

/* Begin XCRemoteSwiftPackageReference section */
		15D43DF72B30AD7100454FA8 /* XCRemoteSwiftPackageReference "firebase-ios-sdk" */ = {
			isa = XCRemoteSwiftPackageReference;
			repositoryURL = "https://github.com/firebase/firebase-ios-sdk.git";
			requirement = {
				kind = upToNextMajorVersion;
				minimumVersion = 10.19.1;
			};
		};
		15D43E0D2B30B15A00454FA8 /* XCRemoteSwiftPackageReference "GoogleSignIn-iOS" */ = {
			isa = XCRemoteSwiftPackageReference;
			repositoryURL = "https://github.com/google/GoogleSignIn-iOS.git";
			requirement = {
				kind = upToNextMajorVersion;
				minimumVersion = 7.0.0;
			};
		};
/* End XCRemoteSwiftPackageReference section */

/* Begin XCSwiftPackageProductDependency section */
		15D43DF82B30AD7200454FA8 /* FirebaseAnalytics */ = {
			isa = XCSwiftPackageProductDependency;
			package = 15D43DF72B30AD7100454FA8 /* XCRemoteSwiftPackageReference "firebase-ios-sdk" */;
			productName = FirebaseAnalytics;
		};
		15D43DFA2B30AD7200454FA8 /* FirebaseAnalyticsOnDeviceConversion */ = {
			isa = XCSwiftPackageProductDependency;
			package = 15D43DF72B30AD7100454FA8 /* XCRemoteSwiftPackageReference "firebase-ios-sdk" */;
			productName = FirebaseAnalyticsOnDeviceConversion;
		};
		15D43DFC2B30AD7200454FA8 /* FirebaseAnalyticsSwift */ = {
			isa = XCSwiftPackageProductDependency;
			package = 15D43DF72B30AD7100454FA8 /* XCRemoteSwiftPackageReference "firebase-ios-sdk" */;
			productName = FirebaseAnalyticsSwift;
		};
		15D43DFE2B30AD7200454FA8 /* FirebaseAnalyticsWithoutAdIdSupport */ = {
			isa = XCSwiftPackageProductDependency;
			package = 15D43DF72B30AD7100454FA8 /* XCRemoteSwiftPackageReference "firebase-ios-sdk" */;
			productName = FirebaseAnalyticsWithoutAdIdSupport;
		};
		15D43E002B30AD7200454FA8 /* FirebaseAppCheck */ = {
			isa = XCSwiftPackageProductDependency;
			package = 15D43DF72B30AD7100454FA8 /* XCRemoteSwiftPackageReference "firebase-ios-sdk" */;
			productName = FirebaseAppCheck;
		};
		15D43E072B30B0FF00454FA8 /* FirebaseAuth */ = {
			isa = XCSwiftPackageProductDependency;
			package = 15D43DF72B30AD7100454FA8 /* XCRemoteSwiftPackageReference "firebase-ios-sdk" */;
			productName = FirebaseAuth;
		};
		15D43E092B30B10F00454FA8 /* FirebaseFirestore */ = {
			isa = XCSwiftPackageProductDependency;
			package = 15D43DF72B30AD7100454FA8 /* XCRemoteSwiftPackageReference "firebase-ios-sdk" */;
			productName = FirebaseFirestore;
		};
		15D43E0B2B30B11800454FA8 /* FirebaseFirestoreSwift */ = {
			isa = XCSwiftPackageProductDependency;
			package = 15D43DF72B30AD7100454FA8 /* XCRemoteSwiftPackageReference "firebase-ios-sdk" */;
			productName = FirebaseFirestoreSwift;
		};
		15D43E0E2B30B15A00454FA8 /* GoogleSignIn */ = {
			isa = XCSwiftPackageProductDependency;
			package = 15D43E0D2B30B15A00454FA8 /* XCRemoteSwiftPackageReference "GoogleSignIn-iOS" */;
			productName = GoogleSignIn;
		};
		15D43E102B30B15A00454FA8 /* GoogleSignInSwift */ = {
			isa = XCSwiftPackageProductDependency;
			package = 15D43E0D2B30B15A00454FA8 /* XCRemoteSwiftPackageReference "GoogleSignIn-iOS" */;
			productName = GoogleSignInSwift;
		};
/* End XCSwiftPackageProductDependency section */
	};
	rootObject = 15D43DB72B306A5700454FA8 /* Project object */;
}
